// !$*UTF8*$!
{
	archiveVersion = 1;
	classes = {
	};
	objectVersion = 46;
	objects = {

/* Begin PBXBuildFile section */
		FDF9C6A41BFA490000F6046B /* AppDelegate.swift in Sources */ = {isa = PBXBuildFile; fileRef = FDF9C6A31BFA490000F6046B /* AppDelegate.swift */; };
		FDF9C6A61BFA490000F6046B /* ViewController.swift in Sources */ = {isa = PBXBuildFile; fileRef = FDF9C6A51BFA490000F6046B /* ViewController.swift */; };
		FDF9C6A91BFA490000F6046B /* Main.storyboard in Resources */ = {isa = PBXBuildFile; fileRef = FDF9C6A71BFA490000F6046B /* Main.storyboard */; };
		FDF9C6AB1BFA490000F6046B /* Assets.xcassets in Resources */ = {isa = PBXBuildFile; fileRef = FDF9C6AA1BFA490000F6046B /* Assets.xcassets */; };
		FDF9C6AE1BFA490000F6046B /* LaunchScreen.storyboard in Resources */ = {isa = PBXBuildFile; fileRef = FDF9C6AC1BFA490000F6046B /* LaunchScreen.storyboard */; };
		FDF9C6B81BFA4CE100F6046B /* Car.swift in Sources */ = {isa = PBXBuildFile; fileRef = FDF9C6B71BFA4CE100F6046B /* Car.swift */; };
/* End PBXBuildFile section */

/* Begin PBXFileReference section */
		FDF9C6A01BFA48FF00F6046B /* myGarage.app */ = {isa = PBXFileReference; explicitFileType = wrapper.application; includeInIndex = 0; path = myGarage.app; sourceTree = BUILT_PRODUCTS_DIR; };
		FDF9C6A31BFA490000F6046B /* AppDelegate.swift */ = {isa = PBXFileReference; lastKnownFileType = sourcecode.swift; path = AppDelegate.swift; sourceTree = "<group>"; };
		FDF9C6A51BFA490000F6046B /* ViewController.swift */ = {isa = PBXFileReference; lastKnownFileType = sourcecode.swift; path = ViewController.swift; sourceTree = "<group>"; };
		FDF9C6A81BFA490000F6046B /* Base */ = {isa = PBXFileReference; lastKnownFileType = file.storyboard; name = Base; path = Base.lproj/Main.storyboard; sourceTree = "<group>"; };
		FDF9C6AA1BFA490000F6046B /* Assets.xcassets */ = {isa = PBXFileReference; lastKnownFileType = folder.assetcatalog; path = Assets.xcassets; sourceTree = "<group>"; };
		FDF9C6AD1BFA490000F6046B /* Base */ = {isa = PBXFileReference; lastKnownFileType = file.storyboard; name = Base; path = Base.lproj/LaunchScreen.storyboard; sourceTree = "<group>"; };
		FDF9C6AF1BFA490000F6046B /* Info.plist */ = {isa = PBXFileReference; lastKnownFileType = text.plist.xml; path = Info.plist; sourceTree = "<group>"; };
		FDF9C6B71BFA4CE100F6046B /* Car.swift */ = {isa = PBXFileReference; fileEncoding = 4; lastKnownFileType = sourcecode.swift; path = Car.swift; sourceTree = "<group>"; };
/* End PBXFileReference section */

/* Begin PBXFrameworksBuildPhase section */
		FDF9C69D1BFA48FF00F6046B /* Frameworks */ = {
			isa = PBXFrameworksBuildPhase;
			buildActionMask = 2147483647;
			files = (
			);
			runOnlyForDeploymentPostprocessing = 0;
		};
/* End PBXFrameworksBuildPhase section */

/* Begin PBXGroup section */
		FDF9C6971BFA48FF00F6046B = {
			isa = PBXGroup;
			children = (
				FDF9C6A21BFA48FF00F6046B /* myGarage */,
				FDF9C6A11BFA48FF00F6046B /* Products */,
			);
			sourceTree = "<group>";
		};
		FDF9C6A11BFA48FF00F6046B /* Products */ = {
			isa = PBXGroup;
			children = (
				FDF9C6A01BFA48FF00F6046B /* myGarage.app */,
			);
			name = Products;
			sourceTree = "<group>";
		};
		FDF9C6A21BFA48FF00F6046B /* myGarage */ = {
			isa = PBXGroup;
			children = (
				FDF9C6A31BFA490000F6046B /* AppDelegate.swift */,
				FDF9C6A51BFA490000F6046B /* ViewController.swift */,
				FDF9C6A71BFA490000F6046B /* Main.storyboard */,
				FDF9C6B71BFA4CE100F6046B /* Car.swift */,
				FDF9C6AA1BFA490000F6046B /* Assets.xcassets */,
				FDF9C6AC1BFA490000F6046B /* LaunchScreen.storyboard */,
				FDF9C6AF1BFA490000F6046B /* Info.plist */,
			);
			path = myGarage;
			sourceTree = "<group>";
		};
/* End PBXGroup section */

/* Begin PBXNativeTarget section */
		FDF9C69F1BFA48FF00F6046B /* myGarage */ = {
			isa = PBXNativeTarget;
			buildConfigurationList = FDF9C6B21BFA490000F6046B /* Build configuration list for PBXNativeTarget "myGarage" */;
			buildPhases = (
				FDF9C69C1BFA48FF00F6046B /* Sources */,
				FDF9C69D1BFA48FF00F6046B /* Frameworks */,
				FDF9C69E1BFA48FF00F6046B /* Resources */,
			);
			buildRules = (
			);
			dependencies = (
			);
			name = myGarage;
			productName = myGarage;
			productReference = FDF9C6A01BFA48FF00F6046B /* myGarage.app */;
			productType = "com.apple.product-type.application";
		};
/* End PBXNativeTarget section */

/* Begin PBXProject section */
		FDF9C6981BFA48FF00F6046B /* Project object */ = {
			isa = PBXProject;
			attributes = {
				LastSwiftUpdateCheck = 0710;
				LastUpgradeCheck = 0710;
				ORGANIZATIONNAME = "Andraz Kuret";
				TargetAttributes = {
					FDF9C69F1BFA48FF00F6046B = {
						CreatedOnToolsVersion = 7.1;
						DevelopmentTeam = 3N5ZZU4BVH;
					};
				};
			};
			buildConfigurationList = FDF9C69B1BFA48FF00F6046B /* Build configuration list for PBXProject "myGarage" */;
			compatibilityVersion = "Xcode 3.2";
			developmentRegion = English;
			hasScannedForEncodings = 0;
			knownRegions = (
				en,
				Base,
			);
			mainGroup = FDF9C6971BFA48FF00F6046B;
			productRefGroup = FDF9C6A11BFA48FF00F6046B /* Products */;
			projectDirPath = "";
			projectRoot = "";
			targets = (
				FDF9C69F1BFA48FF00F6046B /* myGarage */,
			);
		};
/* End PBXProject section */

/* Begin PBXResourcesBuildPhase section */
		FDF9C69E1BFA48FF00F6046B /* Resources */ = {
			isa = PBXResourcesBuildPhase;
			buildActionMask = 2147483647;
			files = (
				FDF9C6AE1BFA490000F6046B /* LaunchScreen.storyboard in Resources */,
				FDF9C6AB1BFA490000F6046B /* Assets.xcassets in Resources */,
				FDF9C6A91BFA490000F6046B /* Main.storyboard in Resources */,
			);
			runOnlyForDeploymentPostprocessing = 0;
		};
/* End PBXResourcesBuildPhase section */

/* Begin PBXSourcesBuildPhase section */
		FDF9C69C1BFA48FF00F6046B /* Sources */ = {
			isa = PBXSourcesBuildPhase;
			buildActionMask = 2147483647;
			files = (
				FDF9C6A61BFA490000F6046B /* ViewController.swift in Sources */,
				FDF9C6A41BFA490000F6046B /* AppDelegate.swift in Sources */,
				FDF9C6B81BFA4CE100F6046B /* Car.swift in Sources */,
			);
			runOnlyForDeploymentPostprocessing = 0;
		};
/* End PBXSourcesBuildPhase section */

/* Begin PBXVariantGroup section */
		FDF9C6A71BFA490000F6046B /* Main.storyboard */ = {
			isa = PBXVariantGroup;
			children = (
				FDF9C6A81BFA490000F6046B /* Base */,
			);
			name = Main.storyboard;
			sourceTree = "<group>";
		};
		FDF9C6AC1BFA490000F6046B /* LaunchScreen.storyboard */ = {
			isa = PBXVariantGroup;
			children = (
				FDF9C6AD1BFA490000F6046B /* Base */,
			);
			name = LaunchScreen.storyboard;
			sourceTree = "<group>";
		};
/* End PBXVariantGroup section */

/* Begin XCBuildConfiguration section */
		FDF9C6B01BFA490000F6046B /* Debug */ = {
			isa = XCBuildConfiguration;
			buildSettings = {
				ALWAYS_SEARCH_USER_PATHS = NO;
				CLANG_CXX_LANGUAGE_STANDARD = "gnu++0x";
				CLANG_CXX_LIBRARY = "libc++";
				CLANG_ENABLE_MODULES = YES;
				CLANG_ENABLE_OBJC_ARC = YES;
				CLANG_WARN_BOOL_CONVERSION = YES;
				CLANG_WARN_CONSTANT_CONVERSION = YES;
				CLANG_WARN_DIRECT_OBJC_ISA_USAGE = YES_ERROR;
				CLANG_WARN_EMPTY_BODY = YES;
				CLANG_WARN_ENUM_CONVERSION = YES;
				CLANG_WARN_INT_CONVERSION = YES;
				CLANG_WARN_OBJC_ROOT_CLASS = YES_ERROR;
				CLANG_WARN_UNREACHABLE_CODE = YES;
				CLANG_WARN__DUPLICATE_METHOD_MATCH = YES;
				"CODE_SIGN_IDENTITY[sdk=iphoneos*]" = "iPhone Developer";
				COPY_PHASE_STRIP = NO;
				DEBUG_INFORMATION_FORMAT = dwarf;
				ENABLE_STRICT_OBJC_MSGSEND = YES;
				ENABLE_TESTABILITY = YES;
				GCC_C_LANGUAGE_STANDARD = gnu99;
				GCC_DYNAMIC_NO_PIC = NO;
				GCC_NO_COMMON_BLOCKS = YES;
				GCC_OPTIMIZATION_LEVEL = 0;
				GCC_PREPROCESSOR_DEFINITIONS = (
					"DEBUG=1",
					"$(inherited)",
				);
				GCC_WARN_64_TO_32_BIT_CONVERSION = YES;
				GCC_WARN_ABOUT_RETURN_TYPE = YES_ERROR;
				GCC_WARN_UNDECLARED_SELECTOR = YES;
				GCC_WARN_UNINITIALIZED_AUTOS = YES_AGGRESSIVE;
				GCC_WARN_UNUSED_FUNCTION = YES;
				GCC_WARN_UNUSED_VARIABLE = YES;
				IPHONEOS_DEPLOYMENT_TARGET = 9.1;
				MTL_ENABLE_DEBUG_INFO = YES;
				ONLY_ACTIVE_ARCH = YES;
				SDKROOT = iphoneos;
				SWIFT_OPTIMIZATION_LEVEL = "-Onone";
				TARGETED_DEVICE_FAMILY = "1,2";
			};
			name = Debug;
		};
		FDF9C6B11BFA490000F6046B /* Release */ = {
			isa = XCBuildConfiguration;
			buildSettings = {
				ALWAYS_SEARCH_USER_PATHS = NO;
				CLANG_CXX_LANGUAGE_STANDARD = "gnu++0x";
				CLANG_CXX_LIBRARY = "libc++";
				CLANG_ENABLE_MODULES = YES;
				CLANG_ENABLE_OBJC_ARC = YES;
				CLANG_WARN_BOOL_CONVERSION = YES;
				CLANG_WARN_CONSTANT_CONVERSION = YES;
				CLANG_WARN_DIRECT_OBJC_ISA_USAGE = YES_ERROR;
				CLANG_WARN_EMPTY_BODY = YES;
				CLANG_WARN_ENUM_CONVERSION = YES;
				CLANG_WARN_INT_CONVERSION = YES;
				CLANG_WARN_OBJC_ROOT_CLASS = YES_ERROR;
				CLANG_WARN_UNREACHABLE_CODE = YES;
				CLANG_WARN__DUPLICATE_METHOD_MATCH = YES;
				"CODE_SIGN_IDENTITY[sdk=iphoneos*]" = "iPhone Developer";
				COPY_PHASE_STRIP = NO;
				DEBUG_INFORMATION_FORMAT = "dwarf-with-dsym";
				ENABLE_NS_ASSERTIONS = NO;
				ENABLE_STRICT_OBJC_MSGSEND = YES;
				GCC_C_LANGUAGE_STANDARD = gnu99;
				GCC_NO_COMMON_BLOCKS = YES;
				GCC_WARN_64_TO_32_BIT_CONVERSION = YES;
				GCC_WARN_ABOUT_RETURN_TYPE = YES_ERROR;
				GCC_WARN_UNDECLARED_SELECTOR = YES;
				GCC_WARN_UNINITIALIZED_AUTOS = YES_AGGRESSIVE;
				GCC_WARN_UNUSED_FUNCTION = YES;
				GCC_WARN_UNUSED_VARIABLE = YES;
				IPHONEOS_DEPLOYMENT_TARGET = 9.1;
				MTL_ENABLE_DEBUG_INFO = NO;
				SDKROOT = iphoneos;
				TARGETED_DEVICE_FAMILY = "1,2";
				VALIDATE_PRODUCT = YES;
			};
			name = Release;
		};
		FDF9C6B31BFA490000F6046B /* Debug */ = {
			isa = XCBuildConfiguration;
			buildSettings = {
				ASSETCATALOG_COMPILER_APPICON_NAME = AppIcon;
				INFOPLIST_FILE = myGarage/Info.plist;
				LD_RUNPATH_SEARCH_PATHS = "$(inherited) @executable_path/Frameworks";
				PRODUCT_BUNDLE_IDENTIFIER = proteuslab.d3javu.myGarage;
				PRODUCT_NAME = "$(TARGET_NAME)";
			};
			name = Debug;
		};
		FDF9C6B41BFA490000F6046B /* Release */ = {
			isa = XCBuildConfiguration;
			buildSettings = {
				ASSETCATALOG_COMPILER_APPICON_NAME = AppIcon;
				INFOPLIST_FILE = myGarage/Info.plist;
				LD_RUNPATH_SEARCH_PATHS = "$(inherited) @executable_path/Frameworks";
				PRODUCT_BUNDLE_IDENTIFIER = proteuslab.d3javu.myGarage;
				PRODUCT_NAME = "$(TARGET_NAME)";
			};
			name = Release;
		};
/* End XCBuildConfiguration section */

/* Begin XCConfigurationList section */
		FDF9C69B1BFA48FF00F6046B /* Build configuration list for PBXProject "myGarage" */ = {
			isa = XCConfigurationList;
			buildConfigurations = (
				FDF9C6B01BFA490000F6046B /* Debug */,
				FDF9C6B11BFA490000F6046B /* Release */,
			);
			defaultConfigurationIsVisible = 0;
			defaultConfigurationName = Release;
		};
		FDF9C6B21BFA490000F6046B /* Build configuration list for PBXNativeTarget "myGarage" */ = {
			isa = XCConfigurationList;
			buildConfigurations = (
				FDF9C6B31BFA490000F6046B /* Debug */,
				FDF9C6B41BFA490000F6046B /* Release */,
			);
			defaultConfigurationIsVisible = 0;
			defaultConfigurationName = Release;
		};
/* End XCConfigurationList section */
	};
	rootObject = FDF9C6981BFA48FF00F6046B /* Project object */;
}
