// !$*UTF8*$!
{
	archiveVersion = 1;
	classes = {
	};
	objectVersion = 46;
	objects = {

/* Begin PBXBuildFile section */
		FD15B0E71AACAA9300656C0D /* AppDelegate.swift in Sources */ = {isa = PBXBuildFile; fileRef = FD15B0E61AACAA9300656C0D /* AppDelegate.swift */; };
		FD15B0E91AACAA9300656C0D /* ViewController.swift in Sources */ = {isa = PBXBuildFile; fileRef = FD15B0E81AACAA9300656C0D /* ViewController.swift */; };
		FD15B0EC1AACAA9300656C0D /* Main.storyboard in Resources */ = {isa = PBXBuildFile; fileRef = FD15B0EA1AACAA9300656C0D /* Main.storyboard */; };
		FD15B0EE1AACAA9300656C0D /* Images.xcassets in Resources */ = {isa = PBXBuildFile; fileRef = FD15B0ED1AACAA9300656C0D /* Images.xcassets */; };
		FD15B0F11AACAA9300656C0D /* LaunchScreen.xib in Resources */ = {isa = PBXBuildFile; fileRef = FD15B0EF1AACAA9300656C0D /* LaunchScreen.xib */; };
		FD15B0FD1AACAA9300656C0D /* CalculatorIphoneTests.swift in Sources */ = {isa = PBXBuildFile; fileRef = FD15B0FC1AACAA9300656C0D /* CalculatorIphoneTests.swift */; };
/* End PBXBuildFile section */

/* Begin PBXContainerItemProxy section */
		FD15B0F71AACAA9300656C0D /* PBXContainerItemProxy */ = {
			isa = PBXContainerItemProxy;
			containerPortal = FD15B0D91AACAA9300656C0D /* Project object */;
			proxyType = 1;
			remoteGlobalIDString = FD15B0E01AACAA9300656C0D;
			remoteInfo = CalculatorIphone;
		};
/* End PBXContainerItemProxy section */

/* Begin PBXFileReference section */
		FD15B0E11AACAA9300656C0D /* CalculatorIphone.app */ = {isa = PBXFileReference; explicitFileType = wrapper.application; includeInIndex = 0; path = CalculatorIphone.app; sourceTree = BUILT_PRODUCTS_DIR; };
		FD15B0E51AACAA9300656C0D /* Info.plist */ = {isa = PBXFileReference; lastKnownFileType = text.plist.xml; path = Info.plist; sourceTree = "<group>"; };
		FD15B0E61AACAA9300656C0D /* AppDelegate.swift */ = {isa = PBXFileReference; lastKnownFileType = sourcecode.swift; path = AppDelegate.swift; sourceTree = "<group>"; };
		FD15B0E81AACAA9300656C0D /* ViewController.swift */ = {isa = PBXFileReference; lastKnownFileType = sourcecode.swift; path = ViewController.swift; sourceTree = "<group>"; };
		FD15B0EB1AACAA9300656C0D /* Base */ = {isa = PBXFileReference; lastKnownFileType = file.storyboard; name = Base; path = Base.lproj/Main.storyboard; sourceTree = "<group>"; };
		FD15B0ED1AACAA9300656C0D /* Images.xcassets */ = {isa = PBXFileReference; lastKnownFileType = folder.assetcatalog; path = Images.xcassets; sourceTree = "<group>"; };
		FD15B0F01AACAA9300656C0D /* Base */ = {isa = PBXFileReference; lastKnownFileType = file.xib; name = Base; path = Base.lproj/LaunchScreen.xib; sourceTree = "<group>"; };
		FD15B0F61AACAA9300656C0D /* CalculatorIphoneTests.xctest */ = {isa = PBXFileReference; explicitFileType = wrapper.cfbundle; includeInIndex = 0; path = CalculatorIphoneTests.xctest; sourceTree = BUILT_PRODUCTS_DIR; };
		FD15B0FB1AACAA9300656C0D /* Info.plist */ = {isa = PBXFileReference; lastKnownFileType = text.plist.xml; path = Info.plist; sourceTree = "<group>"; };
		FD15B0FC1AACAA9300656C0D /* CalculatorIphoneTests.swift */ = {isa = PBXFileReference; lastKnownFileType = sourcecode.swift; path = CalculatorIphoneTests.swift; sourceTree = "<group>"; };
/* End PBXFileReference section */

/* Begin PBXFrameworksBuildPhase section */
		FD15B0DE1AACAA9300656C0D /* Frameworks */ = {
			isa = PBXFrameworksBuildPhase;
			buildActionMask = 2147483647;
			files = (
			);
			runOnlyForDeploymentPostprocessing = 0;
		};
		FD15B0F31AACAA9300656C0D /* Frameworks */ = {
			isa = PBXFrameworksBuildPhase;
			buildActionMask = 2147483647;
			files = (
			);
			runOnlyForDeploymentPostprocessing = 0;
		};
/* End PBXFrameworksBuildPhase section */

/* Begin PBXGroup section */
		FD15B0D81AACAA9300656C0D = {
			isa = PBXGroup;
			children = (
				FD15B0E31AACAA9300656C0D /* CalculatorIphone */,
				FD15B0F91AACAA9300656C0D /* CalculatorIphoneTests */,
				FD15B0E21AACAA9300656C0D /* Products */,
			);
			sourceTree = "<group>";
		};
		FD15B0E21AACAA9300656C0D /* Products */ = {
			isa = PBXGroup;
			children = (
				FD15B0E11AACAA9300656C0D /* CalculatorIphone.app */,
				FD15B0F61AACAA9300656C0D /* CalculatorIphoneTests.xctest */,
			);
			name = Products;
			sourceTree = "<group>";
		};
		FD15B0E31AACAA9300656C0D /* CalculatorIphone */ = {
			isa = PBXGroup;
			children = (
				FD15B0E81AACAA9300656C0D /* ViewController.swift */,
				FD15B0EA1AACAA9300656C0D /* Main.storyboard */,
				FD15B0E41AACAA9300656C0D /* Supporting Files */,
			);
			path = CalculatorIphone;
			sourceTree = "<group>";
		};
		FD15B0E41AACAA9300656C0D /* Supporting Files */ = {
			isa = PBXGroup;
			children = (
				FD15B0ED1AACAA9300656C0D /* Images.xcassets */,
				FD15B0EF1AACAA9300656C0D /* LaunchScreen.xib */,
				FD15B0E61AACAA9300656C0D /* AppDelegate.swift */,
				FD15B0E51AACAA9300656C0D /* Info.plist */,
			);
			name = "Supporting Files";
			sourceTree = "<group>";
		};
		FD15B0F91AACAA9300656C0D /* CalculatorIphoneTests */ = {
			isa = PBXGroup;
			children = (
				FD15B0FC1AACAA9300656C0D /* CalculatorIphoneTests.swift */,
				FD15B0FA1AACAA9300656C0D /* Supporting Files */,
			);
			path = CalculatorIphoneTests;
			sourceTree = "<group>";
		};
		FD15B0FA1AACAA9300656C0D /* Supporting Files */ = {
			isa = PBXGroup;
			children = (
				FD15B0FB1AACAA9300656C0D /* Info.plist */,
			);
			name = "Supporting Files";
			sourceTree = "<group>";
		};
/* End PBXGroup section */

/* Begin PBXNativeTarget section */
		FD15B0E01AACAA9300656C0D /* CalculatorIphone */ = {
			isa = PBXNativeTarget;
			buildConfigurationList = FD15B1001AACAA9300656C0D /* Build configuration list for PBXNativeTarget "CalculatorIphone" */;
			buildPhases = (
				FD15B0DD1AACAA9300656C0D /* Sources */,
				FD15B0DE1AACAA9300656C0D /* Frameworks */,
				FD15B0DF1AACAA9300656C0D /* Resources */,
			);
			buildRules = (
			);
			dependencies = (
			);
			name = CalculatorIphone;
			productName = CalculatorIphone;
			productReference = FD15B0E11AACAA9300656C0D /* CalculatorIphone.app */;
			productType = "com.apple.product-type.application";
		};
		FD15B0F51AACAA9300656C0D /* CalculatorIphoneTests */ = {
			isa = PBXNativeTarget;
			buildConfigurationList = FD15B1031AACAA9300656C0D /* Build configuration list for PBXNativeTarget "CalculatorIphoneTests" */;
			buildPhases = (
				FD15B0F21AACAA9300656C0D /* Sources */,
				FD15B0F31AACAA9300656C0D /* Frameworks */,
				FD15B0F41AACAA9300656C0D /* Resources */,
			);
			buildRules = (
			);
			dependencies = (
				FD15B0F81AACAA9300656C0D /* PBXTargetDependency */,
			);
			name = CalculatorIphoneTests;
			productName = CalculatorIphoneTests;
			productReference = FD15B0F61AACAA9300656C0D /* CalculatorIphoneTests.xctest */;
			productType = "com.apple.product-type.bundle.unit-test";
		};
/* End PBXNativeTarget section */

/* Begin PBXProject section */
		FD15B0D91AACAA9300656C0D /* Project object */ = {
			isa = PBXProject;
			attributes = {
				LastUpgradeCheck = 0610;
				ORGANIZATIONNAME = "Andraz Kuret";
				TargetAttributes = {
					FD15B0E01AACAA9300656C0D = {
						CreatedOnToolsVersion = 6.1.1;
					};
					FD15B0F51AACAA9300656C0D = {
						CreatedOnToolsVersion = 6.1.1;
						TestTargetID = FD15B0E01AACAA9300656C0D;
					};
				};
			};
			buildConfigurationList = FD15B0DC1AACAA9300656C0D /* Build configuration list for PBXProject "CalculatorIphone" */;
			compatibilityVersion = "Xcode 3.2";
			developmentRegion = English;
			hasScannedForEncodings = 0;
			knownRegions = (
				en,
				Base,
			);
			mainGroup = FD15B0D81AACAA9300656C0D;
			productRefGroup = FD15B0E21AACAA9300656C0D /* Products */;
			projectDirPath = "";
			projectRoot = "";
			targets = (
				FD15B0E01AACAA9300656C0D /* CalculatorIphone */,
				FD15B0F51AACAA9300656C0D /* CalculatorIphoneTests */,
			);
		};
/* End PBXProject section */

/* Begin PBXResourcesBuildPhase section */
		FD15B0DF1AACAA9300656C0D /* Resources */ = {
			isa = PBXResourcesBuildPhase;
			buildActionMask = 2147483647;
			files = (
				FD15B0EC1AACAA9300656C0D /* Main.storyboard in Resources */,
				FD15B0F11AACAA9300656C0D /* LaunchScreen.xib in Resources */,
				FD15B0EE1AACAA9300656C0D /* Images.xcassets in Resources */,
			);
			runOnlyForDeploymentPostprocessing = 0;
		};
		FD15B0F41AACAA9300656C0D /* Resources */ = {
			isa = PBXResourcesBuildPhase;
			buildActionMask = 2147483647;
			files = (
			);
			runOnlyForDeploymentPostprocessing = 0;
		};
/* End PBXResourcesBuildPhase section */

/* Begin PBXSourcesBuildPhase section */
		FD15B0DD1AACAA9300656C0D /* Sources */ = {
			isa = PBXSourcesBuildPhase;
			buildActionMask = 2147483647;
			files = (
				FD15B0E91AACAA9300656C0D /* ViewController.swift in Sources */,
				FD15B0E71AACAA9300656C0D /* AppDelegate.swift in Sources */,
			);
			runOnlyForDeploymentPostprocessing = 0;
		};
		FD15B0F21AACAA9300656C0D /* Sources */ = {
			isa = PBXSourcesBuildPhase;
			buildActionMask = 2147483647;
			files = (
				FD15B0FD1AACAA9300656C0D /* CalculatorIphoneTests.swift in Sources */,
			);
			runOnlyForDeploymentPostprocessing = 0;
		};
/* End PBXSourcesBuildPhase section */

/* Begin PBXTargetDependency section */
		FD15B0F81AACAA9300656C0D /* PBXTargetDependency */ = {
			isa = PBXTargetDependency;
			target = FD15B0E01AACAA9300656C0D /* CalculatorIphone */;
			targetProxy = FD15B0F71AACAA9300656C0D /* PBXContainerItemProxy */;
		};
/* End PBXTargetDependency section */

/* Begin PBXVariantGroup section */
		FD15B0EA1AACAA9300656C0D /* Main.storyboard */ = {
			isa = PBXVariantGroup;
			children = (
				FD15B0EB1AACAA9300656C0D /* Base */,
			);
			name = Main.storyboard;
			sourceTree = "<group>";
		};
		FD15B0EF1AACAA9300656C0D /* LaunchScreen.xib */ = {
			isa = PBXVariantGroup;
			children = (
				FD15B0F01AACAA9300656C0D /* Base */,
			);
			name = LaunchScreen.xib;
			sourceTree = "<group>";
		};
/* End PBXVariantGroup section */

/* Begin XCBuildConfiguration section */
		FD15B0FE1AACAA9300656C0D /* Debug */ = {
			isa = XCBuildConfiguration;
			buildSettings = {
				ALWAYS_SEARCH_USER_PATHS = NO;
				CLANG_CXX_LANGUAGE_STANDARD = "gnu++0x";
				CLANG_CXX_LIBRARY = "libc++";
				CLANG_ENABLE_MODULES = YES;
				CLANG_ENABLE_OBJC_ARC = YES;
				CLANG_WARN_BOOL_CONVERSION = YES;
				CLANG_WARN_CONSTANT_CONVERSION = YES;
				CLANG_WARN_DIRECT_OBJC_ISA_USAGE = YES_ERROR;
				CLANG_WARN_EMPTY_BODY = YES;
				CLANG_WARN_ENUM_CONVERSION = YES;
				CLANG_WARN_INT_CONVERSION = YES;
				CLANG_WARN_OBJC_ROOT_CLASS = YES_ERROR;
				CLANG_WARN_UNREACHABLE_CODE = YES;
				CLANG_WARN__DUPLICATE_METHOD_MATCH = YES;
				"CODE_SIGN_IDENTITY[sdk=iphoneos*]" = "iPhone Developer";
				COPY_PHASE_STRIP = NO;
				ENABLE_STRICT_OBJC_MSGSEND = YES;
				GCC_C_LANGUAGE_STANDARD = gnu99;
				GCC_DYNAMIC_NO_PIC = NO;
				GCC_OPTIMIZATION_LEVEL = 0;
				GCC_PREPROCESSOR_DEFINITIONS = (
					"DEBUG=1",
					"$(inherited)",
				);
				GCC_SYMBOLS_PRIVATE_EXTERN = NO;
				GCC_WARN_64_TO_32_BIT_CONVERSION = YES;
				GCC_WARN_ABOUT_RETURN_TYPE = YES_ERROR;
				GCC_WARN_UNDECLARED_SELECTOR = YES;
				GCC_WARN_UNINITIALIZED_AUTOS = YES_AGGRESSIVE;
				GCC_WARN_UNUSED_FUNCTION = YES;
				GCC_WARN_UNUSED_VARIABLE = YES;
				IPHONEOS_DEPLOYMENT_TARGET = 8.1;
				MTL_ENABLE_DEBUG_INFO = YES;
				ONLY_ACTIVE_ARCH = YES;
				SDKROOT = iphoneos;
				SWIFT_OPTIMIZATION_LEVEL = "-Onone";
			};
			name = Debug;
		};
		FD15B0FF1AACAA9300656C0D /* Release */ = {
			isa = XCBuildConfiguration;
			buildSettings = {
				ALWAYS_SEARCH_USER_PATHS = NO;
				CLANG_CXX_LANGUAGE_STANDARD = "gnu++0x";
				CLANG_CXX_LIBRARY = "libc++";
				CLANG_ENABLE_MODULES = YES;
				CLANG_ENABLE_OBJC_ARC = YES;
				CLANG_WARN_BOOL_CONVERSION = YES;
				CLANG_WARN_CONSTANT_CONVERSION = YES;
				CLANG_WARN_DIRECT_OBJC_ISA_USAGE = YES_ERROR;
				CLANG_WARN_EMPTY_BODY = YES;
				CLANG_WARN_ENUM_CONVERSION = YES;
				CLANG_WARN_INT_CONVERSION = YES;
				CLANG_WARN_OBJC_ROOT_CLASS = YES_ERROR;
				CLANG_WARN_UNREACHABLE_CODE = YES;
				CLANG_WARN__DUPLICATE_METHOD_MATCH = YES;
				"CODE_SIGN_IDENTITY[sdk=iphoneos*]" = "iPhone Developer";
				COPY_PHASE_STRIP = YES;
				ENABLE_NS_ASSERTIONS = NO;
				ENABLE_STRICT_OBJC_MSGSEND = YES;
				GCC_C_LANGUAGE_STANDARD = gnu99;
				GCC_WARN_64_TO_32_BIT_CONVERSION = YES;
				GCC_WARN_ABOUT_RETURN_TYPE = YES_ERROR;
				GCC_WARN_UNDECLARED_SELECTOR = YES;
				GCC_WARN_UNINITIALIZED_AUTOS = YES_AGGRESSIVE;
				GCC_WARN_UNUSED_FUNCTION = YES;
				GCC_WARN_UNUSED_VARIABLE = YES;
				IPHONEOS_DEPLOYMENT_TARGET = 8.1;
				MTL_ENABLE_DEBUG_INFO = NO;
				SDKROOT = iphoneos;
				VALIDATE_PRODUCT = YES;
			};
			name = Release;
		};
		FD15B1011AACAA9300656C0D /* Debug */ = {
			isa = XCBuildConfiguration;
			buildSettings = {
				ASSETCATALOG_COMPILER_APPICON_NAME = AppIcon;
				INFOPLIST_FILE = CalculatorIphone/Info.plist;
				LD_RUNPATH_SEARCH_PATHS = "$(inherited) @executable_path/Frameworks";
				PRODUCT_NAME = "$(TARGET_NAME)";
			};
			name = Debug;
		};
		FD15B1021AACAA9300656C0D /* Release */ = {
			isa = XCBuildConfiguration;
			buildSettings = {
				ASSETCATALOG_COMPILER_APPICON_NAME = AppIcon;
				INFOPLIST_FILE = CalculatorIphone/Info.plist;
				LD_RUNPATH_SEARCH_PATHS = "$(inherited) @executable_path/Frameworks";
				PRODUCT_NAME = "$(TARGET_NAME)";
			};
			name = Release;
		};
		FD15B1041AACAA9300656C0D /* Debug */ = {
			isa = XCBuildConfiguration;
			buildSettings = {
				BUNDLE_LOADER = "$(TEST_HOST)";
				FRAMEWORK_SEARCH_PATHS = (
					"$(SDKROOT)/Developer/Library/Frameworks",
					"$(inherited)",
				);
				GCC_PREPROCESSOR_DEFINITIONS = (
					"DEBUG=1",
					"$(inherited)",
				);
				INFOPLIST_FILE = CalculatorIphoneTests/Info.plist;
				LD_RUNPATH_SEARCH_PATHS = "$(inherited) @executable_path/Frameworks @loader_path/Frameworks";
				PRODUCT_NAME = "$(TARGET_NAME)";
				TEST_HOST = "$(BUILT_PRODUCTS_DIR)/CalculatorIphone.app/CalculatorIphone";
			};
			name = Debug;
		};
		FD15B1051AACAA9300656C0D /* Release */ = {
			isa = XCBuildConfiguration;
			buildSettings = {
				BUNDLE_LOADER = "$(TEST_HOST)";
				FRAMEWORK_SEARCH_PATHS = (
					"$(SDKROOT)/Developer/Library/Frameworks",
					"$(inherited)",
				);
				INFOPLIST_FILE = CalculatorIphoneTests/Info.plist;
				LD_RUNPATH_SEARCH_PATHS = "$(inherited) @executable_path/Frameworks @loader_path/Frameworks";
				PRODUCT_NAME = "$(TARGET_NAME)";
				TEST_HOST = "$(BUILT_PRODUCTS_DIR)/CalculatorIphone.app/CalculatorIphone";
			};
			name = Release;
		};
/* End XCBuildConfiguration section */

/* Begin XCConfigurationList section */
		FD15B0DC1AACAA9300656C0D /* Build configuration list for PBXProject "CalculatorIphone" */ = {
			isa = XCConfigurationList;
			buildConfigurations = (
				FD15B0FE1AACAA9300656C0D /* Debug */,
				FD15B0FF1AACAA9300656C0D /* Release */,
			);
			defaultConfigurationIsVisible = 0;
			defaultConfigurationName = Release;
		};
		FD15B1001AACAA9300656C0D /* Build configuration list for PBXNativeTarget "CalculatorIphone" */ = {
			isa = XCConfigurationList;
			buildConfigurations = (
				FD15B1011AACAA9300656C0D /* Debug */,
				FD15B1021AACAA9300656C0D /* Release */,
			);
			defaultConfigurationIsVisible = 0;
		};
		FD15B1031AACAA9300656C0D /* Build configuration list for PBXNativeTarget "CalculatorIphoneTests" */ = {
			isa = XCConfigurationList;
			buildConfigurations = (
				FD15B1041AACAA9300656C0D /* Debug */,
				FD15B1051AACAA9300656C0D /* Release */,
			);
			defaultConfigurationIsVisible = 0;
		};
/* End XCConfigurationList section */
	};
	rootObject = FD15B0D91AACAA9300656C0D /* Project object */;
}
