// !$*UTF8*$!
{
	archiveVersion = 1;
	classes = {
	};
	objectVersion = 46;
	objects = {

/* Begin PBXBuildFile section */
		FDB771CE1C0383F20030822E /* AppDelegate.swift in Sources */ = {isa = PBXBuildFile; fileRef = FDB771CD1C0383F20030822E /* AppDelegate.swift */; };
		FDB771D01C0383F20030822E /* ViewController.swift in Sources */ = {isa = PBXBuildFile; fileRef = FDB771CF1C0383F20030822E /* ViewController.swift */; };
		FDB771D31C0383F20030822E /* Main.storyboard in Resources */ = {isa = PBXBuildFile; fileRef = FDB771D11C0383F20030822E /* Main.storyboard */; };
		FDB771D51C0383F20030822E /* Assets.xcassets in Resources */ = {isa = PBXBuildFile; fileRef = FDB771D41C0383F20030822E /* Assets.xcassets */; };
		FDB771D81C0383F20030822E /* LaunchScreen.storyboard in Resources */ = {isa = PBXBuildFile; fileRef = FDB771D61C0383F20030822E /* LaunchScreen.storyboard */; };
/* End PBXBuildFile section */

/* Begin PBXFileReference section */
		FDB771CA1C0383F20030822E /* urlTest.app */ = {isa = PBXFileReference; explicitFileType = wrapper.application; includeInIndex = 0; path = urlTest.app; sourceTree = BUILT_PRODUCTS_DIR; };
		FDB771CD1C0383F20030822E /* AppDelegate.swift */ = {isa = PBXFileReference; lastKnownFileType = sourcecode.swift; path = AppDelegate.swift; sourceTree = "<group>"; };
		FDB771CF1C0383F20030822E /* ViewController.swift */ = {isa = PBXFileReference; lastKnownFileType = sourcecode.swift; path = ViewController.swift; sourceTree = "<group>"; };
		FDB771D21C0383F20030822E /* Base */ = {isa = PBXFileReference; lastKnownFileType = file.storyboard; name = Base; path = Base.lproj/Main.storyboard; sourceTree = "<group>"; };
		FDB771D41C0383F20030822E /* Assets.xcassets */ = {isa = PBXFileReference; lastKnownFileType = folder.assetcatalog; path = Assets.xcassets; sourceTree = "<group>"; };
		FDB771D71C0383F20030822E /* Base */ = {isa = PBXFileReference; lastKnownFileType = file.storyboard; name = Base; path = Base.lproj/LaunchScreen.storyboard; sourceTree = "<group>"; };
		FDB771D91C0383F20030822E /* Info.plist */ = {isa = PBXFileReference; lastKnownFileType = text.plist.xml; path = Info.plist; sourceTree = "<group>"; };
/* End PBXFileReference section */

/* Begin PBXFrameworksBuildPhase section */
		FDB771C71C0383F20030822E /* Frameworks */ = {
			isa = PBXFrameworksBuildPhase;
			buildActionMask = 2147483647;
			files = (
			);
			runOnlyForDeploymentPostprocessing = 0;
		};
/* End PBXFrameworksBuildPhase section */

/* Begin PBXGroup section */
		FDB771C11C0383F20030822E = {
			isa = PBXGroup;
			children = (
				FDB771CC1C0383F20030822E /* urlTest */,
				FDB771CB1C0383F20030822E /* Products */,
			);
			sourceTree = "<group>";
		};
		FDB771CB1C0383F20030822E /* Products */ = {
			isa = PBXGroup;
			children = (
				FDB771CA1C0383F20030822E /* urlTest.app */,
			);
			name = Products;
			sourceTree = "<group>";
		};
		FDB771CC1C0383F20030822E /* urlTest */ = {
			isa = PBXGroup;
			children = (
				FDB771CD1C0383F20030822E /* AppDelegate.swift */,
				FDB771CF1C0383F20030822E /* ViewController.swift */,
				FDB771D11C0383F20030822E /* Main.storyboard */,
				FDB771D41C0383F20030822E /* Assets.xcassets */,
				FDB771D61C0383F20030822E /* LaunchScreen.storyboard */,
				FDB771D91C0383F20030822E /* Info.plist */,
			);
			path = urlTest;
			sourceTree = "<group>";
		};
/* End PBXGroup section */

/* Begin PBXNativeTarget section */
		FDB771C91C0383F20030822E /* urlTest */ = {
			isa = PBXNativeTarget;
			buildConfigurationList = FDB771DC1C0383F20030822E /* Build configuration list for PBXNativeTarget "urlTest" */;
			buildPhases = (
				FDB771C61C0383F20030822E /* Sources */,
				FDB771C71C0383F20030822E /* Frameworks */,
				FDB771C81C0383F20030822E /* Resources */,
			);
			buildRules = (
			);
			dependencies = (
			);
			name = urlTest;
			productName = urlTest;
			productReference = FDB771CA1C0383F20030822E /* urlTest.app */;
			productType = "com.apple.product-type.application";
		};
/* End PBXNativeTarget section */

/* Begin PBXProject section */
		FDB771C21C0383F20030822E /* Project object */ = {
			isa = PBXProject;
			attributes = {
				LastSwiftUpdateCheck = 0710;
				LastUpgradeCheck = 0710;
				ORGANIZATIONNAME = "Andraz Kuret";
				TargetAttributes = {
					FDB771C91C0383F20030822E = {
						CreatedOnToolsVersion = 7.1;
						DevelopmentTeam = 3N5ZZU4BVH;
					};
				};
			};
			buildConfigurationList = FDB771C51C0383F20030822E /* Build configuration list for PBXProject "urlTest" */;
			compatibilityVersion = "Xcode 3.2";
			developmentRegion = English;
			hasScannedForEncodings = 0;
			knownRegions = (
				en,
				Base,
			);
			mainGroup = FDB771C11C0383F20030822E;
			productRefGroup = FDB771CB1C0383F20030822E /* Products */;
			projectDirPath = "";
			projectRoot = "";
			targets = (
				FDB771C91C0383F20030822E /* urlTest */,
			);
		};
/* End PBXProject section */

/* Begin PBXResourcesBuildPhase section */
		FDB771C81C0383F20030822E /* Resources */ = {
			isa = PBXResourcesBuildPhase;
			buildActionMask = 2147483647;
			files = (
				FDB771D81C0383F20030822E /* LaunchScreen.storyboard in Resources */,
				FDB771D51C0383F20030822E /* Assets.xcassets in Resources */,
				FDB771D31C0383F20030822E /* Main.storyboard in Resources */,
			);
			runOnlyForDeploymentPostprocessing = 0;
		};
/* End PBXResourcesBuildPhase section */

/* Begin PBXSourcesBuildPhase section */
		FDB771C61C0383F20030822E /* Sources */ = {
			isa = PBXSourcesBuildPhase;
			buildActionMask = 2147483647;
			files = (
				FDB771D01C0383F20030822E /* ViewController.swift in Sources */,
				FDB771CE1C0383F20030822E /* AppDelegate.swift in Sources */,
			);
			runOnlyForDeploymentPostprocessing = 0;
		};
/* End PBXSourcesBuildPhase section */

/* Begin PBXVariantGroup section */
		FDB771D11C0383F20030822E /* Main.storyboard */ = {
			isa = PBXVariantGroup;
			children = (
				FDB771D21C0383F20030822E /* Base */,
			);
			name = Main.storyboard;
			sourceTree = "<group>";
		};
		FDB771D61C0383F20030822E /* LaunchScreen.storyboard */ = {
			isa = PBXVariantGroup;
			children = (
				FDB771D71C0383F20030822E /* Base */,
			);
			name = LaunchScreen.storyboard;
			sourceTree = "<group>";
		};
/* End PBXVariantGroup section */

/* Begin XCBuildConfiguration section */
		FDB771DA1C0383F20030822E /* Debug */ = {
			isa = XCBuildConfiguration;
			buildSettings = {
				ALWAYS_SEARCH_USER_PATHS = NO;
				CLANG_CXX_LANGUAGE_STANDARD = "gnu++0x";
				CLANG_CXX_LIBRARY = "libc++";
				CLANG_ENABLE_MODULES = YES;
				CLANG_ENABLE_OBJC_ARC = YES;
				CLANG_WARN_BOOL_CONVERSION = YES;
				CLANG_WARN_CONSTANT_CONVERSION = YES;
				CLANG_WARN_DIRECT_OBJC_ISA_USAGE = YES_ERROR;
				CLANG_WARN_EMPTY_BODY = YES;
				CLANG_WARN_ENUM_CONVERSION = YES;
				CLANG_WARN_INT_CONVERSION = YES;
				CLANG_WARN_OBJC_ROOT_CLASS = YES_ERROR;
				CLANG_WARN_UNREACHABLE_CODE = YES;
				CLANG_WARN__DUPLICATE_METHOD_MATCH = YES;
				"CODE_SIGN_IDENTITY[sdk=iphoneos*]" = "iPhone Developer";
				COPY_PHASE_STRIP = NO;
				DEBUG_INFORMATION_FORMAT = dwarf;
				ENABLE_STRICT_OBJC_MSGSEND = YES;
				ENABLE_TESTABILITY = YES;
				GCC_C_LANGUAGE_STANDARD = gnu99;
				GCC_DYNAMIC_NO_PIC = NO;
				GCC_NO_COMMON_BLOCKS = YES;
				GCC_OPTIMIZATION_LEVEL = 0;
				GCC_PREPROCESSOR_DEFINITIONS = (
					"DEBUG=1",
					"$(inherited)",
				);
				GCC_WARN_64_TO_32_BIT_CONVERSION = YES;
				GCC_WARN_ABOUT_RETURN_TYPE = YES_ERROR;
				GCC_WARN_UNDECLARED_SELECTOR = YES;
				GCC_WARN_UNINITIALIZED_AUTOS = YES_AGGRESSIVE;
				GCC_WARN_UNUSED_FUNCTION = YES;
				GCC_WARN_UNUSED_VARIABLE = YES;
				IPHONEOS_DEPLOYMENT_TARGET = 9.1;
				MTL_ENABLE_DEBUG_INFO = YES;
				ONLY_ACTIVE_ARCH = YES;
				SDKROOT = iphoneos;
				SWIFT_OPTIMIZATION_LEVEL = "-Onone";
				TARGETED_DEVICE_FAMILY = "1,2";
			};
			name = Debug;
		};
		FDB771DB1C0383F20030822E /* Release */ = {
			isa = XCBuildConfiguration;
			buildSettings = {
				ALWAYS_SEARCH_USER_PATHS = NO;
				CLANG_CXX_LANGUAGE_STANDARD = "gnu++0x";
				CLANG_CXX_LIBRARY = "libc++";
				CLANG_ENABLE_MODULES = YES;
				CLANG_ENABLE_OBJC_ARC = YES;
				CLANG_WARN_BOOL_CONVERSION = YES;
				CLANG_WARN_CONSTANT_CONVERSION = YES;
				CLANG_WARN_DIRECT_OBJC_ISA_USAGE = YES_ERROR;
				CLANG_WARN_EMPTY_BODY = YES;
				CLANG_WARN_ENUM_CONVERSION = YES;
				CLANG_WARN_INT_CONVERSION = YES;
				CLANG_WARN_OBJC_ROOT_CLASS = YES_ERROR;
				CLANG_WARN_UNREACHABLE_CODE = YES;
				CLANG_WARN__DUPLICATE_METHOD_MATCH = YES;
				"CODE_SIGN_IDENTITY[sdk=iphoneos*]" = "iPhone Developer";
				COPY_PHASE_STRIP = NO;
				DEBUG_INFORMATION_FORMAT = "dwarf-with-dsym";
				ENABLE_NS_ASSERTIONS = NO;
				ENABLE_STRICT_OBJC_MSGSEND = YES;
				GCC_C_LANGUAGE_STANDARD = gnu99;
				GCC_NO_COMMON_BLOCKS = YES;
				GCC_WARN_64_TO_32_BIT_CONVERSION = YES;
				GCC_WARN_ABOUT_RETURN_TYPE = YES_ERROR;
				GCC_WARN_UNDECLARED_SELECTOR = YES;
				GCC_WARN_UNINITIALIZED_AUTOS = YES_AGGRESSIVE;
				GCC_WARN_UNUSED_FUNCTION = YES;
				GCC_WARN_UNUSED_VARIABLE = YES;
				IPHONEOS_DEPLOYMENT_TARGET = 9.1;
				MTL_ENABLE_DEBUG_INFO = NO;
				SDKROOT = iphoneos;
				TARGETED_DEVICE_FAMILY = "1,2";
				VALIDATE_PRODUCT = YES;
			};
			name = Release;
		};
		FDB771DD1C0383F20030822E /* Debug */ = {
			isa = XCBuildConfiguration;
			buildSettings = {
				ASSETCATALOG_COMPILER_APPICON_NAME = AppIcon;
				INFOPLIST_FILE = urlTest/Info.plist;
				LD_RUNPATH_SEARCH_PATHS = "$(inherited) @executable_path/Frameworks";
				PRODUCT_BUNDLE_IDENTIFIER = proteuslab.d3javu.urlTest;
				PRODUCT_NAME = "$(TARGET_NAME)";
			};
			name = Debug;
		};
		FDB771DE1C0383F20030822E /* Release */ = {
			isa = XCBuildConfiguration;
			buildSettings = {
				ASSETCATALOG_COMPILER_APPICON_NAME = AppIcon;
				INFOPLIST_FILE = urlTest/Info.plist;
				LD_RUNPATH_SEARCH_PATHS = "$(inherited) @executable_path/Frameworks";
				PRODUCT_BUNDLE_IDENTIFIER = proteuslab.d3javu.urlTest;
				PRODUCT_NAME = "$(TARGET_NAME)";
			};
			name = Release;
		};
/* End XCBuildConfiguration section */

/* Begin XCConfigurationList section */
		FDB771C51C0383F20030822E /* Build configuration list for PBXProject "urlTest" */ = {
			isa = XCConfigurationList;
			buildConfigurations = (
				FDB771DA1C0383F20030822E /* Debug */,
				FDB771DB1C0383F20030822E /* Release */,
			);
			defaultConfigurationIsVisible = 0;
			defaultConfigurationName = Release;
		};
		FDB771DC1C0383F20030822E /* Build configuration list for PBXNativeTarget "urlTest" */ = {
			isa = XCConfigurationList;
			buildConfigurations = (
				FDB771DD1C0383F20030822E /* Debug */,
				FDB771DE1C0383F20030822E /* Release */,
			);
			defaultConfigurationIsVisible = 0;
		};
/* End XCConfigurationList section */
	};
	rootObject = FDB771C21C0383F20030822E /* Project object */;
}
